
Microsoft Visual Studio Solution File, Format Version 12.00
# Visual Studio Version 16
VisualStudioVersion = 16.0.29806.167
MinimumVisualStudioVersion = 10.0.40219.1
Project("{FAE04EC0-301F-11D3-BF4B-00C04F79EFBC}") = "Week3_OrderExp", "Week3_OrderExp\Week3_OrderExp.csproj", "{B6716ACB-0C80-4E1D-94A4-D2558F18AF45}"
EndProject
Global
	GlobalSection(SolutionConfigurationPlatforms) = preSolution
		Debug|Any CPU = Debug|Any CPU
		Release|Any CPU = Release|Any CPU
	EndGlobalSection
	GlobalSection(ProjectConfigurationPlatforms) = postSolution
		{B6716ACB-0C80-4E1D-94A4-D2558F18AF45}.Debug|Any CPU.ActiveCfg = Debug|Any CPU
		{B6716ACB-0C80-4E1D-94A4-D2558F18AF45}.Debug|Any CPU.Build.0 = Debug|Any CPU
		{B6716ACB-0C80-4E1D-94A4-D2558F18AF45}.Release|Any CPU.ActiveCfg = Release|Any CPU
		{B6716ACB-0C80-4E1D-94A4-D2558F18AF45}.Release|Any CPU.Build.0 = Release|Any CPU
	EndGlobalSection
	GlobalSection(SolutionProperties) = preSolution
		HideSolutionNode = FALSE
	EndGlobalSection
	GlobalSection(ExtensibilityGlobals) = postSolution
		SolutionGuid = {95A21096-7BE7-40A7-B3EB-205FB21650CF}
	EndGlobalSection
EndGlobal
